
Microsoft Visual Studio Solution File, Format Version 12.00
# Visual Studio Version 16
VisualStudioVersion = 16.0.31424.327
MinimumVisualStudioVersion = 10.0.40219.1
Project("{FAE04EC0-301F-11D3-BF4B-00C04F79EFBC}") = "Slacker.NET.Library", "Slacker.NET.Library\Slacker.NET.Library.csproj", "{E079FC89-43EF-46FC-90F0-A919BB8B54E6}"
EndProject
Global
	GlobalSection(SolutionConfigurationPlatforms) = preSolution
		Debug|Any CPU = Debug|Any CPU
		Release|Any CPU = Release|Any CPU
	EndGlobalSection
	GlobalSection(ProjectConfigurationPlatforms) = postSolution
		{E079FC89-43EF-46FC-90F0-A919BB8B54E6}.Debug|Any CPU.ActiveCfg = Debug|Any CPU
		{E079FC89-43EF-46FC-90F0-A919BB8B54E6}.Debug|Any CPU.Build.0 = Debug|Any CPU
		{E079FC89-43EF-46FC-90F0-A919BB8B54E6}.Release|Any CPU.ActiveCfg = Release|Any CPU
		{E079FC89-43EF-46FC-90F0-A919BB8B54E6}.Release|Any CPU.Build.0 = Release|Any CPU
	EndGlobalSection
	GlobalSection(SolutionProperties) = preSolution
		HideSolutionNode = FALSE
	EndGlobalSection
	GlobalSection(ExtensibilityGlobals) = postSolution
		SolutionGuid = {FBC82636-AC3D-4B72-B9D6-5479DAFAC772}
	EndGlobalSection
EndGlobal
